
Microsoft Visual Studio Solution File, Format Version 12.00
# Visual Studio Version 16
VisualStudioVersion = 16.0.30225.117
MinimumVisualStudioVersion = 10.0.40219.1
Project("{8BC9CEB8-8B4A-11D0-8D11-00A0C91BC942}") = "QuickSort", "QuickSort\QuickSort.vcxproj", "{DFB73DD5-343C-4F89-ABE2-D9A158AE8C22}"
EndProject
Global
	GlobalSection(SolutionConfigurationPlatforms) = preSolution
		Debug|x64 = Debug|x64
		Debug|x86 = Debug|x86
		Release|x64 = Release|x64
		Release|x86 = Release|x86
	EndGlobalSection
	GlobalSection(ProjectConfigurationPlatforms) = postSolution
		{DFB73DD5-343C-4F89-ABE2-D9A158AE8C22}.Debug|x64.ActiveCfg = Debug|x64
		{DFB73DD5-343C-4F89-ABE2-D9A158AE8C22}.Debug|x64.Build.0 = Debug|x64
		{DFB73DD5-343C-4F89-ABE2-D9A158AE8C22}.Debug|x86.ActiveCfg = Debug|Win32
		{DFB73DD5-343C-4F89-ABE2-D9A158AE8C22}.Debug|x86.Build.0 = Debug|Win32
		{DFB73DD5-343C-4F89-ABE2-D9A158AE8C22}.Release|x64.ActiveCfg = Release|x64
		{DFB73DD5-343C-4F89-ABE2-D9A158AE8C22}.Release|x64.Build.0 = Release|x64
		{DFB73DD5-343C-4F89-ABE2-D9A158AE8C22}.Release|x86.ActiveCfg = Release|Win32
		{DFB73DD5-343C-4F89-ABE2-D9A158AE8C22}.Release|x86.Build.0 = Release|Win32
	EndGlobalSection
	GlobalSection(SolutionProperties) = preSolution
		HideSolutionNode = FALSE
	EndGlobalSection
	GlobalSection(ExtensibilityGlobals) = postSolution
		SolutionGuid = {E4309A36-C951-48FA-8EAD-6BFC32181340}
	EndGlobalSection
EndGlobal
